// !$*UTF8*$!
{
	archiveVersion = 1;
	classes = {
	};
	objectVersion = 50;
	objects = {

/* Begin PBXBuildFile section */
		293FE05823F1D49800DEF21D /* phone_ring.wav in Resources */ = {isa = PBXBuildFile; fileRef = 293FE05723F1D49800DEF21D /* phone_ring.wav */; };
		296533D323F1A3B00081A457 /* tune_radio.wav in Resources */ = {isa = PBXBuildFile; fileRef = 296533D223F1A3AF0081A457 /* tune_radio.wav */; };
		296533D523F1A6BB0081A457 /* radio_tune.wav in Resources */ = {isa = PBXBuildFile; fileRef = 296533D423F1A6BB0081A457 /* radio_tune.wav */; };
		296533D723F1A8680081A457 /* tune.wav in Resources */ = {isa = PBXBuildFile; fileRef = 296533D623F1A8670081A457 /* tune.wav */; };
		297D7CC923EDE0D300F2DFB9 /* donut.usdz in Resources */ = {isa = PBXBuildFile; fileRef = 297D7CC823EDE0D300F2DFB9 /* donut.usdz */; };
		299C0D5023EF37A30011833A /* bat_belt.usdz in Resources */ = {isa = PBXBuildFile; fileRef = 299C0D4F23EF37A30011833A /* bat_belt.usdz */; };
		299C0D5223EF57720011833A /* SlotComponent.swift in Sources */ = {isa = PBXBuildFile; fileRef = 299C0D5123EF57720011833A /* SlotComponent.swift */; };
		299E462423F1A11F0085A7F8 /* ukulele.wav in Resources */ = {isa = PBXBuildFile; fileRef = 299E462323F1A11F0085A7F8 /* ukulele.wav */; };
		29B38EF123EC342100C2FEB7 /* AppDelegate.swift in Sources */ = {isa = PBXBuildFile; fileRef = 29B38EF023EC342100C2FEB7 /* AppDelegate.swift */; };
		29B38EF323EC342100C2FEB7 /* ViewController.swift in Sources */ = {isa = PBXBuildFile; fileRef = 29B38EF223EC342100C2FEB7 /* ViewController.swift */; };
		29B38EF523EC342100C2FEB7 /* Experience.rcproject in Sources */ = {isa = PBXBuildFile; fileRef = 29B38EF423EC342100C2FEB7 /* Experience.rcproject */; };
		29B38EF823EC342100C2FEB7 /* Main.storyboard in Resources */ = {isa = PBXBuildFile; fileRef = 29B38EF623EC342100C2FEB7 /* Main.storyboard */; };
		29B38EFA23EC342400C2FEB7 /* Assets.xcassets in Resources */ = {isa = PBXBuildFile; fileRef = 29B38EF923EC342400C2FEB7 /* Assets.xcassets */; };
		29B38EFD23EC342400C2FEB7 /* LaunchScreen.storyboard in Resources */ = {isa = PBXBuildFile; fileRef = 29B38EFB23EC342400C2FEB7 /* LaunchScreen.storyboard */; };
		29B38F0623EC353900C2FEB7 /* CustomBox.swift in Sources */ = {isa = PBXBuildFile; fileRef = 29B38F0523EC353900C2FEB7 /* CustomBox.swift */; };
		29B38F0923EC355600C2FEB7 /* ObjectComponent.swift in Sources */ = {isa = PBXBuildFile; fileRef = 29B38F0823EC355600C2FEB7 /* ObjectComponent.swift */; };
		29B38F1323EC35A000C2FEB7 /* tv_retro.usdz in Resources */ = {isa = PBXBuildFile; fileRef = 29B38F0B23EC359C00C2FEB7 /* tv_retro.usdz */; };
		29B38F1423EC35A000C2FEB7 /* toy_robot_vintage.usdz in Resources */ = {isa = PBXBuildFile; fileRef = 29B38F0C23EC359D00C2FEB7 /* toy_robot_vintage.usdz */; };
		29B38F1523EC35A000C2FEB7 /* wheelbarrow.usdz in Resources */ = {isa = PBXBuildFile; fileRef = 29B38F0D23EC359D00C2FEB7 /* wheelbarrow.usdz */; };
		29B38F1623EC35A000C2FEB7 /* fender_stratocaster.usdz in Resources */ = {isa = PBXBuildFile; fileRef = 29B38F0E23EC359E00C2FEB7 /* fender_stratocaster.usdz */; };
		29B38F1723EC35A000C2FEB7 /* toy_biplane.usdz in Resources */ = {isa = PBXBuildFile; fileRef = 29B38F0F23EC359E00C2FEB7 /* toy_biplane.usdz */; };
		29B38F1823EC35A000C2FEB7 /* toy_drummer.usdz in Resources */ = {isa = PBXBuildFile; fileRef = 29B38F1023EC359F00C2FEB7 /* toy_drummer.usdz */; };
		29B38F1923EC35A000C2FEB7 /* toy_car.usdz in Resources */ = {isa = PBXBuildFile; fileRef = 29B38F1123EC359F00C2FEB7 /* toy_car.usdz */; };
		29B38F1A23EC35A000C2FEB7 /* flower_tulip.usdz in Resources */ = {isa = PBXBuildFile; fileRef = 29B38F1223EC35A000C2FEB7 /* flower_tulip.usdz */; };
		29DA5BB523F0B5F000C1C017 /* radio.usdz in Resources */ = {isa = PBXBuildFile; fileRef = 29DA5BB423F0B5F000C1C017 /* radio.usdz */; };
		29DA5BB723F0B91E00C1C017 /* intro.mp3 in Resources */ = {isa = PBXBuildFile; fileRef = 29DA5BB623F0B91D00C1C017 /* intro.mp3 */; };
		29DA5BBC23F1926B00C1C017 /* radio_short.wav in Resources */ = {isa = PBXBuildFile; fileRef = 29DA5BB923F1926A00C1C017 /* radio_short.wav */; };
		29DA5BBD23F1926B00C1C017 /* buckle.wav in Resources */ = {isa = PBXBuildFile; fileRef = 29DA5BBA23F1926A00C1C017 /* buckle.wav */; };
		29DA5BBE23F1926B00C1C017 /* radio_long.wav in Resources */ = {isa = PBXBuildFile; fileRef = 29DA5BBB23F1926B00C1C017 /* radio_long.wav */; };
		29DA5BC023F19C0A00C1C017 /* happy_song.wav in Resources */ = {isa = PBXBuildFile; fileRef = 29DA5BBF23F19C0A00C1C017 /* happy_song.wav */; };
/* End PBXBuildFile section */

/* Begin PBXFileReference section */
		293FE05723F1D49800DEF21D /* phone_ring.wav */ = {isa = PBXFileReference; lastKnownFileType = audio.wav; path = phone_ring.wav; sourceTree = "<group>"; };
		296533D223F1A3AF0081A457 /* tune_radio.wav */ = {isa = PBXFileReference; lastKnownFileType = audio.wav; path = tune_radio.wav; sourceTree = "<group>"; };
		296533D423F1A6BB0081A457 /* radio_tune.wav */ = {isa = PBXFileReference; lastKnownFileType = audio.wav; path = radio_tune.wav; sourceTree = "<group>"; };
		296533D623F1A8670081A457 /* tune.wav */ = {isa = PBXFileReference; lastKnownFileType = audio.wav; path = tune.wav; sourceTree = "<group>"; };
		297D7CC823EDE0D300F2DFB9 /* donut.usdz */ = {isa = PBXFileReference; lastKnownFileType = file.usdz; path = donut.usdz; sourceTree = "<group>"; };
		299C0D4F23EF37A30011833A /* bat_belt.usdz */ = {isa = PBXFileReference; lastKnownFileType = file.usdz; path = bat_belt.usdz; sourceTree = "<group>"; };
		299C0D5123EF57720011833A /* SlotComponent.swift */ = {isa = PBXFileReference; lastKnownFileType = sourcecode.swift; path = SlotComponent.swift; sourceTree = "<group>"; };
		299E462323F1A11F0085A7F8 /* ukulele.wav */ = {isa = PBXFileReference; lastKnownFileType = audio.wav; path = ukulele.wav; sourceTree = "<group>"; };
		29B38EED23EC342100C2FEB7 /* BatmanMadBelt.app */ = {isa = PBXFileReference; explicitFileType = wrapper.application; includeInIndex = 0; path = BatmanMadBelt.app; sourceTree = BUILT_PRODUCTS_DIR; };
		29B38EF023EC342100C2FEB7 /* AppDelegate.swift */ = {isa = PBXFileReference; lastKnownFileType = sourcecode.swift; path = AppDelegate.swift; sourceTree = "<group>"; };
		29B38EF223EC342100C2FEB7 /* ViewController.swift */ = {isa = PBXFileReference; lastKnownFileType = sourcecode.swift; path = ViewController.swift; sourceTree = "<group>"; };
		29B38EF423EC342100C2FEB7 /* Experience.rcproject */ = {isa = PBXFileReference; lastKnownFileType = file.rcproject; path = Experience.rcproject; sourceTree = "<group>"; };
		29B38EF723EC342100C2FEB7 /* Base */ = {isa = PBXFileReference; lastKnownFileType = file.storyboard; name = Base; path = Base.lproj/Main.storyboard; sourceTree = "<group>"; };
		29B38EF923EC342400C2FEB7 /* Assets.xcassets */ = {isa = PBXFileReference; lastKnownFileType = folder.assetcatalog; path = Assets.xcassets; sourceTree = "<group>"; };
		29B38EFC23EC342400C2FEB7 /* Base */ = {isa = PBXFileReference; lastKnownFileType = file.storyboard; name = Base; path = Base.lproj/LaunchScreen.storyboard; sourceTree = "<group>"; };
		29B38EFE23EC342400C2FEB7 /* Info.plist */ = {isa = PBXFileReference; lastKnownFileType = text.plist.xml; path = Info.plist; sourceTree = "<group>"; };
		29B38F0523EC353900C2FEB7 /* CustomBox.swift */ = {isa = PBXFileReference; lastKnownFileType = sourcecode.swift; path = CustomBox.swift; sourceTree = "<group>"; };
		29B38F0823EC355600C2FEB7 /* ObjectComponent.swift */ = {isa = PBXFileReference; lastKnownFileType = sourcecode.swift; path = ObjectComponent.swift; sourceTree = "<group>"; };
		29B38F0B23EC359C00C2FEB7 /* tv_retro.usdz */ = {isa = PBXFileReference; lastKnownFileType = file.usdz; path = tv_retro.usdz; sourceTree = "<group>"; };
		29B38F0C23EC359D00C2FEB7 /* toy_robot_vintage.usdz */ = {isa = PBXFileReference; lastKnownFileType = file.usdz; path = toy_robot_vintage.usdz; sourceTree = "<group>"; };
		29B38F0D23EC359D00C2FEB7 /* wheelbarrow.usdz */ = {isa = PBXFileReference; lastKnownFileType = file.usdz; path = wheelbarrow.usdz; sourceTree = "<group>"; };
		29B38F0E23EC359E00C2FEB7 /* fender_stratocaster.usdz */ = {isa = PBXFileReference; lastKnownFileType = file.usdz; path = fender_stratocaster.usdz; sourceTree = "<group>"; };
		29B38F0F23EC359E00C2FEB7 /* toy_biplane.usdz */ = {isa = PBXFileReference; lastKnownFileType = file.usdz; path = toy_biplane.usdz; sourceTree = "<group>"; };
		29B38F1023EC359F00C2FEB7 /* toy_drummer.usdz */ = {isa = PBXFileReference; lastKnownFileType = file.usdz; path = toy_drummer.usdz; sourceTree = "<group>"; };
		29B38F1123EC359F00C2FEB7 /* toy_car.usdz */ = {isa = PBXFileReference; lastKnownFileType = file.usdz; path = toy_car.usdz; sourceTree = "<group>"; };
		29B38F1223EC35A000C2FEB7 /* flower_tulip.usdz */ = {isa = PBXFileReference; lastKnownFileType = file.usdz; path = flower_tulip.usdz; sourceTree = "<group>"; };
		29DA5BB423F0B5F000C1C017 /* radio.usdz */ = {isa = PBXFileReference; lastKnownFileType = file.usdz; path = radio.usdz; sourceTree = "<group>"; };
		29DA5BB623F0B91D00C1C017 /* intro.mp3 */ = {isa = PBXFileReference; lastKnownFileType = audio.mp3; path = intro.mp3; sourceTree = "<group>"; };
		29DA5BB923F1926A00C1C017 /* radio_short.wav */ = {isa = PBXFileReference; lastKnownFileType = audio.wav; path = radio_short.wav; sourceTree = "<group>"; };
		29DA5BBA23F1926A00C1C017 /* buckle.wav */ = {isa = PBXFileReference; lastKnownFileType = audio.wav; path = buckle.wav; sourceTree = "<group>"; };
		29DA5BBB23F1926B00C1C017 /* radio_long.wav */ = {isa = PBXFileReference; lastKnownFileType = audio.wav; path = radio_long.wav; sourceTree = "<group>"; };
		29DA5BBF23F19C0A00C1C017 /* happy_song.wav */ = {isa = PBXFileReference; lastKnownFileType = audio.wav; path = happy_song.wav; sourceTree = "<group>"; };
/* End PBXFileReference section */

/* Begin PBXFrameworksBuildPhase section */
		29B38EEA23EC342100C2FEB7 /* Frameworks */ = {
			isa = PBXFrameworksBuildPhase;
			buildActionMask = 2147483647;
			files = (
			);
			runOnlyForDeploymentPostprocessing = 0;
		};
/* End PBXFrameworksBuildPhase section */

/* Begin PBXGroup section */
		29B38EE423EC342100C2FEB7 = {
			isa = PBXGroup;
			children = (
				29B38EEF23EC342100C2FEB7 /* BatmanMadBelt */,
				29B38EEE23EC342100C2FEB7 /* Products */,
			);
			sourceTree = "<group>";
		};
		29B38EEE23EC342100C2FEB7 /* Products */ = {
			isa = PBXGroup;
			children = (
				29B38EED23EC342100C2FEB7 /* BatmanMadBelt.app */,
			);
			name = Products;
			sourceTree = "<group>";
		};
		29B38EEF23EC342100C2FEB7 /* BatmanMadBelt */ = {
			isa = PBXGroup;
			children = (
				29DA5BB823F1912300C1C017 /* Audios */,
				29B38F0A23EC355C00C2FEB7 /* Objects */,
				29B38F0723EC353C00C2FEB7 /* Models */,
				29B38F0423EC352300C2FEB7 /* Entities */,
				29B38EF023EC342100C2FEB7 /* AppDelegate.swift */,
				29B38EF223EC342100C2FEB7 /* ViewController.swift */,
				29B38EF423EC342100C2FEB7 /* Experience.rcproject */,
				29B38EF623EC342100C2FEB7 /* Main.storyboard */,
				29B38EF923EC342400C2FEB7 /* Assets.xcassets */,
				29B38EFB23EC342400C2FEB7 /* LaunchScreen.storyboard */,
				29B38EFE23EC342400C2FEB7 /* Info.plist */,
			);
			path = BatmanMadBelt;
			sourceTree = "<group>";
		};
		29B38F0423EC352300C2FEB7 /* Entities */ = {
			isa = PBXGroup;
			children = (
				29B38F0523EC353900C2FEB7 /* CustomBox.swift */,
			);
			path = Entities;
			sourceTree = "<group>";
		};
		29B38F0723EC353C00C2FEB7 /* Models */ = {
			isa = PBXGroup;
			children = (
				29B38F0823EC355600C2FEB7 /* ObjectComponent.swift */,
				299C0D5123EF57720011833A /* SlotComponent.swift */,
			);
			path = Models;
			sourceTree = "<group>";
		};
		29B38F0A23EC355C00C2FEB7 /* Objects */ = {
			isa = PBXGroup;
			children = (
				29B38F0E23EC359E00C2FEB7 /* fender_stratocaster.usdz */,
				29B38F1223EC35A000C2FEB7 /* flower_tulip.usdz */,
				29B38F0F23EC359E00C2FEB7 /* toy_biplane.usdz */,
				29B38F1123EC359F00C2FEB7 /* toy_car.usdz */,
				29B38F1023EC359F00C2FEB7 /* toy_drummer.usdz */,
				29B38F0C23EC359D00C2FEB7 /* toy_robot_vintage.usdz */,
				29B38F0B23EC359C00C2FEB7 /* tv_retro.usdz */,
				29B38F0D23EC359D00C2FEB7 /* wheelbarrow.usdz */,
				299C0D4F23EF37A30011833A /* bat_belt.usdz */,
				297D7CC823EDE0D300F2DFB9 /* donut.usdz */,
				29DA5BB423F0B5F000C1C017 /* radio.usdz */,
			);
			path = Objects;
			sourceTree = "<group>";
		};
		29DA5BB823F1912300C1C017 /* Audios */ = {
			isa = PBXGroup;
			children = (
				29DA5BB623F0B91D00C1C017 /* intro.mp3 */,
				29DA5BBA23F1926A00C1C017 /* buckle.wav */,
				29DA5BBB23F1926B00C1C017 /* radio_long.wav */,
				29DA5BB923F1926A00C1C017 /* radio_short.wav */,
				29DA5BBF23F19C0A00C1C017 /* happy_song.wav */,
				299E462323F1A11F0085A7F8 /* ukulele.wav */,
				296533D223F1A3AF0081A457 /* tune_radio.wav */,
				296533D423F1A6BB0081A457 /* radio_tune.wav */,
				296533D623F1A8670081A457 /* tune.wav */,
				293FE05723F1D49800DEF21D /* phone_ring.wav */,
			);
			path = Audios;
			sourceTree = "<group>";
		};
/* End PBXGroup section */

/* Begin PBXNativeTarget section */
		29B38EEC23EC342100C2FEB7 /* BatmanMadBelt */ = {
			isa = PBXNativeTarget;
			buildConfigurationList = 29B38F0123EC342400C2FEB7 /* Build configuration list for PBXNativeTarget "BatmanMadBelt" */;
			buildPhases = (
				29B38EE923EC342100C2FEB7 /* Sources */,
				29B38EEA23EC342100C2FEB7 /* Frameworks */,
				29B38EEB23EC342100C2FEB7 /* Resources */,
			);
			buildRules = (
			);
			dependencies = (
			);
			name = BatmanMadBelt;
			productName = BatmanMadBelt;
			productReference = 29B38EED23EC342100C2FEB7 /* BatmanMadBelt.app */;
			productType = "com.apple.product-type.application";
		};
/* End PBXNativeTarget section */

/* Begin PBXProject section */
		29B38EE523EC342100C2FEB7 /* Project object */ = {
			isa = PBXProject;
			attributes = {
				LastSwiftUpdateCheck = 1120;
				LastUpgradeCheck = 1120;
				ORGANIZATIONNAME = "Gabriel Taques";
				TargetAttributes = {
					29B38EEC23EC342100C2FEB7 = {
						CreatedOnToolsVersion = 11.2.1;
					};
				};
			};
			buildConfigurationList = 29B38EE823EC342100C2FEB7 /* Build configuration list for PBXProject "BatmanMadBelt" */;
			compatibilityVersion = "Xcode 9.3";
			developmentRegion = en;
			hasScannedForEncodings = 0;
			knownRegions = (
				en,
				Base,
			);
			mainGroup = 29B38EE423EC342100C2FEB7;
			productRefGroup = 29B38EEE23EC342100C2FEB7 /* Products */;
			projectDirPath = "";
			projectRoot = "";
			targets = (
				29B38EEC23EC342100C2FEB7 /* BatmanMadBelt */,
			);
		};
/* End PBXProject section */

/* Begin PBXResourcesBuildPhase section */
		29B38EEB23EC342100C2FEB7 /* Resources */ = {
			isa = PBXResourcesBuildPhase;
			buildActionMask = 2147483647;
			files = (
				297D7CC923EDE0D300F2DFB9 /* donut.usdz in Resources */,
				29DA5BBD23F1926B00C1C017 /* buckle.wav in Resources */,
				296533D523F1A6BB0081A457 /* radio_tune.wav in Resources */,
				293FE05823F1D49800DEF21D /* phone_ring.wav in Resources */,
				29B38EFD23EC342400C2FEB7 /* LaunchScreen.storyboard in Resources */,
				29B38F1A23EC35A000C2FEB7 /* flower_tulip.usdz in Resources */,
				29B38F1623EC35A000C2FEB7 /* fender_stratocaster.usdz in Resources */,
				296533D723F1A8680081A457 /* tune.wav in Resources */,
				29B38F1723EC35A000C2FEB7 /* toy_biplane.usdz in Resources */,
				29B38F1423EC35A000C2FEB7 /* toy_robot_vintage.usdz in Resources */,
				29B38F1523EC35A000C2FEB7 /* wheelbarrow.usdz in Resources */,
				29DA5BC023F19C0A00C1C017 /* happy_song.wav in Resources */,
				296533D323F1A3B00081A457 /* tune_radio.wav in Resources */,
				29B38EFA23EC342400C2FEB7 /* Assets.xcassets in Resources */,
				29B38F1323EC35A000C2FEB7 /* tv_retro.usdz in Resources */,
				299E462423F1A11F0085A7F8 /* ukulele.wav in Resources */,
				29DA5BBE23F1926B00C1C017 /* radio_long.wav in Resources */,
				29DA5BBC23F1926B00C1C017 /* radio_short.wav in Resources */,
				29B38EF823EC342100C2FEB7 /* Main.storyboard in Resources */,
				29B38F1823EC35A000C2FEB7 /* toy_drummer.usdz in Resources */,
				299C0D5023EF37A30011833A /* bat_belt.usdz in Resources */,
				29DA5BB523F0B5F000C1C017 /* radio.usdz in Resources */,
				29B38F1923EC35A000C2FEB7 /* toy_car.usdz in Resources */,
				29DA5BB723F0B91E00C1C017 /* intro.mp3 in Resources */,
			);
			runOnlyForDeploymentPostprocessing = 0;
		};
/* End PBXResourcesBuildPhase section */

/* Begin PBXSourcesBuildPhase section */
		29B38EE923EC342100C2FEB7 /* Sources */ = {
			isa = PBXSourcesBuildPhase;
			buildActionMask = 2147483647;
			files = (
				29B38EF323EC342100C2FEB7 /* ViewController.swift in Sources */,
				29B38EF123EC342100C2FEB7 /* AppDelegate.swift in Sources */,
				29B38F0623EC353900C2FEB7 /* CustomBox.swift in Sources */,
				29B38F0923EC355600C2FEB7 /* ObjectComponent.swift in Sources */,
				29B38EF523EC342100C2FEB7 /* Experience.rcproject in Sources */,
				299C0D5223EF57720011833A /* SlotComponent.swift in Sources */,
			);
			runOnlyForDeploymentPostprocessing = 0;
		};
/* End PBXSourcesBuildPhase section */

/* Begin PBXVariantGroup section */
		29B38EF623EC342100C2FEB7 /* Main.storyboard */ = {
			isa = PBXVariantGroup;
			children = (
				29B38EF723EC342100C2FEB7 /* Base */,
			);
			name = Main.storyboard;
			sourceTree = "<group>";
		};
		29B38EFB23EC342400C2FEB7 /* LaunchScreen.storyboard */ = {
			isa = PBXVariantGroup;
			children = (
				29B38EFC23EC342400C2FEB7 /* Base */,
			);
			name = LaunchScreen.storyboard;
			sourceTree = "<group>";
		};
/* End PBXVariantGroup section */

/* Begin XCBuildConfiguration section */
		29B38EFF23EC342400C2FEB7 /* Debug */ = {
			isa = XCBuildConfiguration;
			buildSettings = {
				ALWAYS_SEARCH_USER_PATHS = NO;
				CLANG_ANALYZER_NONNULL = YES;
				CLANG_ANALYZER_NUMBER_OBJECT_CONVERSION = YES_AGGRESSIVE;
				CLANG_CXX_LANGUAGE_STANDARD = "gnu++14";
				CLANG_CXX_LIBRARY = "libc++";
				CLANG_ENABLE_MODULES = YES;
				CLANG_ENABLE_OBJC_ARC = YES;
				CLANG_ENABLE_OBJC_WEAK = YES;
				CLANG_WARN_BLOCK_CAPTURE_AUTORELEASING = YES;
				CLANG_WARN_BOOL_CONVERSION = YES;
				CLANG_WARN_COMMA = YES;
				CLANG_WARN_CONSTANT_CONVERSION = YES;
				CLANG_WARN_DEPRECATED_OBJC_IMPLEMENTATIONS = YES;
				CLANG_WARN_DIRECT_OBJC_ISA_USAGE = YES_ERROR;
				CLANG_WARN_DOCUMENTATION_COMMENTS = YES;
				CLANG_WARN_EMPTY_BODY = YES;
				CLANG_WARN_ENUM_CONVERSION = YES;
				CLANG_WARN_INFINITE_RECURSION = YES;
				CLANG_WARN_INT_CONVERSION = YES;
				CLANG_WARN_NON_LITERAL_NULL_CONVERSION = YES;
				CLANG_WARN_OBJC_IMPLICIT_RETAIN_SELF = YES;
				CLANG_WARN_OBJC_LITERAL_CONVERSION = YES;
				CLANG_WARN_OBJC_ROOT_CLASS = YES_ERROR;
				CLANG_WARN_RANGE_LOOP_ANALYSIS = YES;
				CLANG_WARN_STRICT_PROTOTYPES = YES;
				CLANG_WARN_SUSPICIOUS_MOVE = YES;
				CLANG_WARN_UNGUARDED_AVAILABILITY = YES_AGGRESSIVE;
				CLANG_WARN_UNREACHABLE_CODE = YES;
				CLANG_WARN__DUPLICATE_METHOD_MATCH = YES;
				COPY_PHASE_STRIP = NO;
				DEBUG_INFORMATION_FORMAT = dwarf;
				ENABLE_STRICT_OBJC_MSGSEND = YES;
				ENABLE_TESTABILITY = YES;
				GCC_C_LANGUAGE_STANDARD = gnu11;
				GCC_DYNAMIC_NO_PIC = NO;
				GCC_NO_COMMON_BLOCKS = YES;
				GCC_OPTIMIZATION_LEVEL = 0;
				GCC_PREPROCESSOR_DEFINITIONS = (
					"DEBUG=1",
					"$(inherited)",
				);
				GCC_WARN_64_TO_32_BIT_CONVERSION = YES;
				GCC_WARN_ABOUT_RETURN_TYPE = YES_ERROR;
				GCC_WARN_UNDECLARED_SELECTOR = YES;
				GCC_WARN_UNINITIALIZED_AUTOS = YES_AGGRESSIVE;
				GCC_WARN_UNUSED_FUNCTION = YES;
				GCC_WARN_UNUSED_VARIABLE = YES;
				IPHONEOS_DEPLOYMENT_TARGET = 13.2;
				MTL_ENABLE_DEBUG_INFO = INCLUDE_SOURCE;
				MTL_FAST_MATH = YES;
				ONLY_ACTIVE_ARCH = YES;
				SDKROOT = iphoneos;
				SWIFT_ACTIVE_COMPILATION_CONDITIONS = DEBUG;
				SWIFT_OPTIMIZATION_LEVEL = "-Onone";
			};
			name = Debug;
		};
		29B38F0023EC342400C2FEB7 /* Release */ = {
			isa = XCBuildConfiguration;
			buildSettings = {
				ALWAYS_SEARCH_USER_PATHS = NO;
				CLANG_ANALYZER_NONNULL = YES;
				CLANG_ANALYZER_NUMBER_OBJECT_CONVERSION = YES_AGGRESSIVE;
				CLANG_CXX_LANGUAGE_STANDARD = "gnu++14";
				CLANG_CXX_LIBRARY = "libc++";
				CLANG_ENABLE_MODULES = YES;
				CLANG_ENABLE_OBJC_ARC = YES;
				CLANG_ENABLE_OBJC_WEAK = YES;
				CLANG_WARN_BLOCK_CAPTURE_AUTORELEASING = YES;
				CLANG_WARN_BOOL_CONVERSION = YES;
				CLANG_WARN_COMMA = YES;
				CLANG_WARN_CONSTANT_CONVERSION = YES;
				CLANG_WARN_DEPRECATED_OBJC_IMPLEMENTATIONS = YES;
				CLANG_WARN_DIRECT_OBJC_ISA_USAGE = YES_ERROR;
				CLANG_WARN_DOCUMENTATION_COMMENTS = YES;
				CLANG_WARN_EMPTY_BODY = YES;
				CLANG_WARN_ENUM_CONVERSION = YES;
				CLANG_WARN_INFINITE_RECURSION = YES;
				CLANG_WARN_INT_CONVERSION = YES;
				CLANG_WARN_NON_LITERAL_NULL_CONVERSION = YES;
				CLANG_WARN_OBJC_IMPLICIT_RETAIN_SELF = YES;
				CLANG_WARN_OBJC_LITERAL_CONVERSION = YES;
				CLANG_WARN_OBJC_ROOT_CLASS = YES_ERROR;
				CLANG_WARN_RANGE_LOOP_ANALYSIS = YES;
				CLANG_WARN_STRICT_PROTOTYPES = YES;
				CLANG_WARN_SUSPICIOUS_MOVE = YES;
				CLANG_WARN_UNGUARDED_AVAILABILITY = YES_AGGRESSIVE;
				CLANG_WARN_UNREACHABLE_CODE = YES;
				CLANG_WARN__DUPLICATE_METHOD_MATCH = YES;
				COPY_PHASE_STRIP = NO;
				DEBUG_INFORMATION_FORMAT = "dwarf-with-dsym";
				ENABLE_NS_ASSERTIONS = NO;
				ENABLE_STRICT_OBJC_MSGSEND = YES;
				GCC_C_LANGUAGE_STANDARD = gnu11;
				GCC_NO_COMMON_BLOCKS = YES;
				GCC_WARN_64_TO_32_BIT_CONVERSION = YES;
				GCC_WARN_ABOUT_RETURN_TYPE = YES_ERROR;
				GCC_WARN_UNDECLARED_SELECTOR = YES;
				GCC_WARN_UNINITIALIZED_AUTOS = YES_AGGRESSIVE;
				GCC_WARN_UNUSED_FUNCTION = YES;
				GCC_WARN_UNUSED_VARIABLE = YES;
				IPHONEOS_DEPLOYMENT_TARGET = 13.2;
				MTL_ENABLE_DEBUG_INFO = NO;
				MTL_FAST_MATH = YES;
				SDKROOT = iphoneos;
				SWIFT_COMPILATION_MODE = wholemodule;
				SWIFT_OPTIMIZATION_LEVEL = "-O";
				VALIDATE_PRODUCT = YES;
			};
			name = Release;
		};
		29B38F0223EC342400C2FEB7 /* Debug */ = {
			isa = XCBuildConfiguration;
			buildSettings = {
				ASSETCATALOG_COMPILER_APPICON_NAME = AppIcon;
				CODE_SIGN_STYLE = Automatic;
				DEVELOPMENT_TEAM = Z9M62WF3J6;
				INFOPLIST_FILE = BatmanMadBelt/Info.plist;
				LD_RUNPATH_SEARCH_PATHS = (
					"$(inherited)",
					"@executable_path/Frameworks",
				);
				PRODUCT_BUNDLE_IDENTIFIER = com.taquesboringcompany.BatmanMadBelt;
				PRODUCT_NAME = "$(TARGET_NAME)";
				SWIFT_VERSION = 5.0;
				TARGETED_DEVICE_FAMILY = "1,2";
			};
			name = Debug;
		};
		29B38F0323EC342400C2FEB7 /* Release */ = {
			isa = XCBuildConfiguration;
			buildSettings = {
				ASSETCATALOG_COMPILER_APPICON_NAME = AppIcon;
				CODE_SIGN_STYLE = Automatic;
				DEVELOPMENT_TEAM = Z9M62WF3J6;
				INFOPLIST_FILE = BatmanMadBelt/Info.plist;
				LD_RUNPATH_SEARCH_PATHS = (
					"$(inherited)",
					"@executable_path/Frameworks",
				);
				PRODUCT_BUNDLE_IDENTIFIER = com.taquesboringcompany.BatmanMadBelt;
				PRODUCT_NAME = "$(TARGET_NAME)";
				SWIFT_VERSION = 5.0;
				TARGETED_DEVICE_FAMILY = "1,2";
			};
			name = Release;
		};
/* End XCBuildConfiguration section */

/* Begin XCConfigurationList section */
		29B38EE823EC342100C2FEB7 /* Build configuration list for PBXProject "BatmanMadBelt" */ = {
			isa = XCConfigurationList;
			buildConfigurations = (
				29B38EFF23EC342400C2FEB7 /* Debug */,
				29B38F0023EC342400C2FEB7 /* Release */,
			);
			defaultConfigurationIsVisible = 0;
			defaultConfigurationName = Release;
		};
		29B38F0123EC342400C2FEB7 /* Build configuration list for PBXNativeTarget "BatmanMadBelt" */ = {
			isa = XCConfigurationList;
			buildConfigurations = (
				29B38F0223EC342400C2FEB7 /* Debug */,
				29B38F0323EC342400C2FEB7 /* Release */,
			);
			defaultConfigurationIsVisible = 0;
			defaultConfigurationName = Release;
		};
/* End XCConfigurationList section */
	};
	rootObject = 29B38EE523EC342100C2FEB7 /* Project object */;
}
